// !$*UTF8*$!
{
	archiveVersion = 1;
	classes = {
	};
	objectVersion = 46;
	objects = {

/* Begin PBXBuildFile section */
		19D594581C33207100526883 /* AppDelegate.swift in Sources */ = {isa = PBXBuildFile; fileRef = 19D594571C33207100526883 /* AppDelegate.swift */; };
		19D5945A1C33207100526883 /* ViewController.swift in Sources */ = {isa = PBXBuildFile; fileRef = 19D594591C33207100526883 /* ViewController.swift */; };
		19D5945D1C33207100526883 /* Main.storyboard in Resources */ = {isa = PBXBuildFile; fileRef = 19D5945B1C33207100526883 /* Main.storyboard */; };
		19D5946D1C33207100526883 /* UTipTests.swift in Sources */ = {isa = PBXBuildFile; fileRef = 19D5946C1C33207100526883 /* UTipTests.swift */; };
		19D594781C33207100526883 /* UTipUITests.swift in Sources */ = {isa = PBXBuildFile; fileRef = 19D594771C33207100526883 /* UTipUITests.swift */; };
		19D594861C3322E900526883 /* SettingsViewController.swift in Sources */ = {isa = PBXBuildFile; fileRef = 19D594851C3322E900526883 /* SettingsViewController.swift */; };
		19D5948E1C341EB400526883 /* Info.plist in Resources */ = {isa = PBXBuildFile; fileRef = 19D5948D1C341EB400526883 /* Info.plist */; };
		19D594921C3421A300526883 /* LaunchScreen.storyboard in Resources */ = {isa = PBXBuildFile; fileRef = 19D594901C3421A300526883 /* LaunchScreen.storyboard */; };
		19D594941C3423B800526883 /* Assets.xcassets in Resources */ = {isa = PBXBuildFile; fileRef = 19D594931C3423B800526883 /* Assets.xcassets */; };
/* End PBXBuildFile section */

/* Begin PBXContainerItemProxy section */
		19D594691C33207100526883 /* PBXContainerItemProxy */ = {
			isa = PBXContainerItemProxy;
			containerPortal = 19D5944C1C33207000526883 /* Project object */;
			proxyType = 1;
			remoteGlobalIDString = 19D594531C33207100526883;
			remoteInfo = Tippie;
		};
		19D594741C33207100526883 /* PBXContainerItemProxy */ = {
			isa = PBXContainerItemProxy;
			containerPortal = 19D5944C1C33207000526883 /* Project object */;
			proxyType = 1;
			remoteGlobalIDString = 19D594531C33207100526883;
			remoteInfo = Tippie;
		};
/* End PBXContainerItemProxy section */

/* Begin PBXFileReference section */
		19D594541C33207100526883 /* UTip.app */ = {isa = PBXFileReference; explicitFileType = wrapper.application; includeInIndex = 0; path = UTip.app; sourceTree = BUILT_PRODUCTS_DIR; };
		19D594571C33207100526883 /* AppDelegate.swift */ = {isa = PBXFileReference; lastKnownFileType = sourcecode.swift; path = AppDelegate.swift; sourceTree = "<group>"; };
		19D594591C33207100526883 /* ViewController.swift */ = {isa = PBXFileReference; lastKnownFileType = sourcecode.swift; path = ViewController.swift; sourceTree = "<group>"; };
		19D5945C1C33207100526883 /* Base */ = {isa = PBXFileReference; lastKnownFileType = file.storyboard; name = Base; path = Base.lproj/Main.storyboard; sourceTree = "<group>"; };
		19D594681C33207100526883 /* UTip.xctest */ = {isa = PBXFileReference; explicitFileType = wrapper.cfbundle; includeInIndex = 0; path = UTip.xctest; sourceTree = BUILT_PRODUCTS_DIR; };
		19D5946C1C33207100526883 /* UTipTests.swift */ = {isa = PBXFileReference; lastKnownFileType = sourcecode.swift; path = UTipTests.swift; sourceTree = "<group>"; };
		19D5946E1C33207100526883 /* Info.plist */ = {isa = PBXFileReference; lastKnownFileType = text.plist.xml; path = Info.plist; sourceTree = "<group>"; };
		19D594731C33207100526883 /* UTip.xctest */ = {isa = PBXFileReference; explicitFileType = wrapper.cfbundle; includeInIndex = 0; path = UTip.xctest; sourceTree = BUILT_PRODUCTS_DIR; };
		19D594771C33207100526883 /* UTipUITests.swift */ = {isa = PBXFileReference; lastKnownFileType = sourcecode.swift; path = UTipUITests.swift; sourceTree = "<group>"; };
		19D594791C33207100526883 /* Info.plist */ = {isa = PBXFileReference; lastKnownFileType = text.plist.xml; path = Info.plist; sourceTree = "<group>"; };
		19D594851C3322E900526883 /* SettingsViewController.swift */ = {isa = PBXFileReference; fileEncoding = 4; lastKnownFileType = sourcecode.swift; path = SettingsViewController.swift; sourceTree = "<group>"; };
		19D5948D1C341EB400526883 /* Info.plist */ = {isa = PBXFileReference; fileEncoding = 4; lastKnownFileType = text.plist.xml; path = Info.plist; sourceTree = "<group>"; };
		19D594911C3421A300526883 /* Base */ = {isa = PBXFileReference; lastKnownFileType = file.storyboard; name = Base; path = Base.lproj/LaunchScreen.storyboard; sourceTree = "<group>"; };
		19D594931C3423B800526883 /* Assets.xcassets */ = {isa = PBXFileReference; lastKnownFileType = folder.assetcatalog; path = Assets.xcassets; sourceTree = "<group>"; };
/* End PBXFileReference section */

/* Begin PBXFrameworksBuildPhase section */
		19D594511C33207100526883 /* Frameworks */ = {
			isa = PBXFrameworksBuildPhase;
			buildActionMask = 2147483647;
			files = (
			);
			runOnlyForDeploymentPostprocessing = 0;
		};
		19D594651C33207100526883 /* Frameworks */ = {
			isa = PBXFrameworksBuildPhase;
			buildActionMask = 2147483647;
			files = (
			);
			runOnlyForDeploymentPostprocessing = 0;
		};
		19D594701C33207100526883 /* Frameworks */ = {
			isa = PBXFrameworksBuildPhase;
			buildActionMask = 2147483647;
			files = (
			);
			runOnlyForDeploymentPostprocessing = 0;
		};
/* End PBXFrameworksBuildPhase section */

/* Begin PBXGroup section */
		19D5944B1C33207000526883 = {
			isa = PBXGroup;
			children = (
				19D594561C33207100526883 /* UTip */,
				19D5946B1C33207100526883 /* UTipTests */,
				19D594761C33207100526883 /* UTipUITests */,
				19D594551C33207100526883 /* Products */,
			);
			sourceTree = "<group>";
		};
		19D594551C33207100526883 /* Products */ = {
			isa = PBXGroup;
			children = (
				19D594541C33207100526883 /* UTip.app */,
				19D594681C33207100526883 /* UTip.xctest */,
				19D594731C33207100526883 /* UTip.xctest */,
			);
			name = Products;
			sourceTree = "<group>";
		};
		19D594561C33207100526883 /* UTip */ = {
			isa = PBXGroup;
			children = (
				19D594931C3423B800526883 /* Assets.xcassets */,
				19D594571C33207100526883 /* AppDelegate.swift */,
				19D594591C33207100526883 /* ViewController.swift */,
				19D5945B1C33207100526883 /* Main.storyboard */,
				19D594851C3322E900526883 /* SettingsViewController.swift */,
				19D594901C3421A300526883 /* LaunchScreen.storyboard */,
				19D5948D1C341EB400526883 /* Info.plist */,
			);
			name = UTip;
			path = Tippie;
			sourceTree = "<group>";
		};
		19D5946B1C33207100526883 /* UTipTests */ = {
			isa = PBXGroup;
			children = (
				19D5946C1C33207100526883 /* UTipTests.swift */,
				19D5946E1C33207100526883 /* Info.plist */,
			);
			name = UTipTests;
			path = TippieTests;
			sourceTree = "<group>";
		};
		19D594761C33207100526883 /* UTipUITests */ = {
			isa = PBXGroup;
			children = (
				19D594771C33207100526883 /* UTipUITests.swift */,
				19D594791C33207100526883 /* Info.plist */,
			);
			name = UTipUITests;
			path = TippieUITests;
			sourceTree = "<group>";
		};
/* End PBXGroup section */

/* Begin PBXNativeTarget section */
		19D594531C33207100526883 /* UTip */ = {
			isa = PBXNativeTarget;
			buildConfigurationList = 19D5947C1C33207100526883 /* Build configuration list for PBXNativeTarget "UTip" */;
			buildPhases = (
				19D594501C33207100526883 /* Sources */,
				19D594511C33207100526883 /* Frameworks */,
				19D594521C33207100526883 /* Resources */,
			);
			buildRules = (
			);
			dependencies = (
			);
			name = UTip;
			productName = Tippie;
			productReference = 19D594541C33207100526883 /* UTip.app */;
			productType = "com.apple.product-type.application";
		};
		19D594671C33207100526883 /* UTipTests */ = {
			isa = PBXNativeTarget;
			buildConfigurationList = 19D5947F1C33207100526883 /* Build configuration list for PBXNativeTarget "UTipTests" */;
			buildPhases = (
				19D594641C33207100526883 /* Sources */,
				19D594651C33207100526883 /* Frameworks */,
				19D594661C33207100526883 /* Resources */,
			);
			buildRules = (
			);
			dependencies = (
				19D5946A1C33207100526883 /* PBXTargetDependency */,
			);
			name = UTipTests;
			productName = TippieTests;
			productReference = 19D594681C33207100526883 /* UTip.xctest */;
			productType = "com.apple.product-type.bundle.unit-test";
		};
		19D594721C33207100526883 /* UTipUITests */ = {
			isa = PBXNativeTarget;
			buildConfigurationList = 19D594821C33207100526883 /* Build configuration list for PBXNativeTarget "UTipUITests" */;
			buildPhases = (
				19D5946F1C33207100526883 /* Sources */,
				19D594701C33207100526883 /* Frameworks */,
				19D594711C33207100526883 /* Resources */,
			);
			buildRules = (
			);
			dependencies = (
				19D594751C33207100526883 /* PBXTargetDependency */,
			);
			name = UTipUITests;
			productName = TippieUITests;
			productReference = 19D594731C33207100526883 /* UTip.xctest */;
			productType = "com.apple.product-type.bundle.ui-testing";
		};
/* End PBXNativeTarget section */

/* Begin PBXProject section */
		19D5944C1C33207000526883 /* Project object */ = {
			isa = PBXProject;
			attributes = {
				LastSwiftUpdateCheck = 0720;
				LastUpgradeCheck = 0720;
				ORGANIZATIONNAME = codepath;
				TargetAttributes = {
					19D594531C33207100526883 = {
						CreatedOnToolsVersion = 7.2;
						DevelopmentTeam = 9V55FD422R;
					};
					19D594671C33207100526883 = {
						CreatedOnToolsVersion = 7.2;
						TestTargetID = 19D594531C33207100526883;
					};
					19D594721C33207100526883 = {
						CreatedOnToolsVersion = 7.2;
						TestTargetID = 19D594531C33207100526883;
					};
				};
			};
			buildConfigurationList = 19D5944F1C33207000526883 /* Build configuration list for PBXProject "UTip" */;
			compatibilityVersion = "Xcode 3.2";
			developmentRegion = English;
			hasScannedForEncodings = 0;
			knownRegions = (
				en,
				Base,
			);
			mainGroup = 19D5944B1C33207000526883;
			productRefGroup = 19D594551C33207100526883 /* Products */;
			projectDirPath = "";
			projectRoot = "";
			targets = (
				19D594531C33207100526883 /* UTip */,
				19D594671C33207100526883 /* UTipTests */,
				19D594721C33207100526883 /* UTipUITests */,
			);
		};
/* End PBXProject section */

/* Begin PBXResourcesBuildPhase section */
		19D594521C33207100526883 /* Resources */ = {
			isa = PBXResourcesBuildPhase;
			buildActionMask = 2147483647;
			files = (
				19D594921C3421A300526883 /* LaunchScreen.storyboard in Resources */,
				19D5945D1C33207100526883 /* Main.storyboard in Resources */,
				19D594941C3423B800526883 /* Assets.xcassets in Resources */,
				19D5948E1C341EB400526883 /* Info.plist in Resources */,
			);
			runOnlyForDeploymentPostprocessing = 0;
		};
		19D594661C33207100526883 /* Resources */ = {
			isa = PBXResourcesBuildPhase;
			buildActionMask = 2147483647;
			files = (
			);
			runOnlyForDeploymentPostprocessing = 0;
		};
		19D594711C33207100526883 /* Resources */ = {
			isa = PBXResourcesBuildPhase;
			buildActionMask = 2147483647;
			files = (
			);
			runOnlyForDeploymentPostprocessing = 0;
		};
/* End PBXResourcesBuildPhase section */

/* Begin PBXSourcesBuildPhase section */
		19D594501C33207100526883 /* Sources */ = {
			isa = PBXSourcesBuildPhase;
			buildActionMask = 2147483647;
			files = (
				19D5945A1C33207100526883 /* ViewController.swift in Sources */,
				19D594581C33207100526883 /* AppDelegate.swift in Sources */,
				19D594861C3322E900526883 /* SettingsViewController.swift in Sources */,
			);
			runOnlyForDeploymentPostprocessing = 0;
		};
		19D594641C33207100526883 /* Sources */ = {
			isa = PBXSourcesBuildPhase;
			buildActionMask = 2147483647;
			files = (
				19D5946D1C33207100526883 /* UTipTests.swift in Sources */,
			);
			runOnlyForDeploymentPostprocessing = 0;
		};
		19D5946F1C33207100526883 /* Sources */ = {
			isa = PBXSourcesBuildPhase;
			buildActionMask = 2147483647;
			files = (
				19D594781C33207100526883 /* UTipUITests.swift in Sources */,
			);
			runOnlyForDeploymentPostprocessing = 0;
		};
/* End PBXSourcesBuildPhase section */

/* Begin PBXTargetDependency section */
		19D5946A1C33207100526883 /* PBXTargetDependency */ = {
			isa = PBXTargetDependency;
			target = 19D594531C33207100526883 /* UTip */;
			targetProxy = 19D594691C33207100526883 /* PBXContainerItemProxy */;
		};
		19D594751C33207100526883 /* PBXTargetDependency */ = {
			isa = PBXTargetDependency;
			target = 19D594531C33207100526883 /* UTip */;
			targetProxy = 19D594741C33207100526883 /* PBXContainerItemProxy */;
		};
/* End PBXTargetDependency section */

/* Begin PBXVariantGroup section */
		19D5945B1C33207100526883 /* Main.storyboard */ = {
			isa = PBXVariantGroup;
			children = (
				19D5945C1C33207100526883 /* Base */,
			);
			name = Main.storyboard;
			sourceTree = "<group>";
		};
		19D594901C3421A300526883 /* LaunchScreen.storyboard */ = {
			isa = PBXVariantGroup;
			children = (
				19D594911C3421A300526883 /* Base */,
			);
			name = LaunchScreen.storyboard;
			sourceTree = "<group>";
		};
/* End PBXVariantGroup section */

/* Begin XCBuildConfiguration section */
		19D5947A1C33207100526883 /* Debug */ = {
			isa = XCBuildConfiguration;
			buildSettings = {
				ALWAYS_SEARCH_USER_PATHS = NO;
				CLANG_CXX_LANGUAGE_STANDARD = "gnu++0x";
				CLANG_CXX_LIBRARY = "libc++";
				CLANG_ENABLE_MODULES = YES;
				CLANG_ENABLE_OBJC_ARC = YES;
				CLANG_WARN_BOOL_CONVERSION = YES;
				CLANG_WARN_CONSTANT_CONVERSION = YES;
				CLANG_WARN_DIRECT_OBJC_ISA_USAGE = YES_ERROR;
				CLANG_WARN_EMPTY_BODY = YES;
				CLANG_WARN_ENUM_CONVERSION = YES;
				CLANG_WARN_INT_CONVERSION = YES;
				CLANG_WARN_OBJC_ROOT_CLASS = YES_ERROR;
				CLANG_WARN_UNREACHABLE_CODE = YES;
				CLANG_WARN__DUPLICATE_METHOD_MATCH = YES;
				"CODE_SIGN_IDENTITY[sdk=iphoneos*]" = "iPhone Developer";
				COPY_PHASE_STRIP = NO;
				DEBUG_INFORMATION_FORMAT = dwarf;
				ENABLE_STRICT_OBJC_MSGSEND = YES;
				ENABLE_TESTABILITY = YES;
				GCC_C_LANGUAGE_STANDARD = gnu99;
				GCC_DYNAMIC_NO_PIC = NO;
				GCC_NO_COMMON_BLOCKS = YES;
				GCC_OPTIMIZATION_LEVEL = 0;
				GCC_PREPROCESSOR_DEFINITIONS = (
					"DEBUG=1",
					"$(inherited)",
				);
				GCC_WARN_64_TO_32_BIT_CONVERSION = YES;
				GCC_WARN_ABOUT_RETURN_TYPE = YES_ERROR;
				GCC_WARN_UNDECLARED_SELECTOR = YES;
				GCC_WARN_UNINITIALIZED_AUTOS = YES_AGGRESSIVE;
				GCC_WARN_UNUSED_FUNCTION = YES;
				GCC_WARN_UNUSED_VARIABLE = YES;
				IPHONEOS_DEPLOYMENT_TARGET = 9.2;
				MTL_ENABLE_DEBUG_INFO = YES;
				ONLY_ACTIVE_ARCH = YES;
				SDKROOT = iphoneos;
				SWIFT_OPTIMIZATION_LEVEL = "-Onone";
			};
			name = Debug;
		};
		19D5947B1C33207100526883 /* Release */ = {
			isa = XCBuildConfiguration;
			buildSettings = {
				ALWAYS_SEARCH_USER_PATHS = NO;
				CLANG_CXX_LANGUAGE_STANDARD = "gnu++0x";
				CLANG_CXX_LIBRARY = "libc++";
				CLANG_ENABLE_MODULES = YES;
				CLANG_ENABLE_OBJC_ARC = YES;
				CLANG_WARN_BOOL_CONVERSION = YES;
				CLANG_WARN_CONSTANT_CONVERSION = YES;
				CLANG_WARN_DIRECT_OBJC_ISA_USAGE = YES_ERROR;
				CLANG_WARN_EMPTY_BODY = YES;
				CLANG_WARN_ENUM_CONVERSION = YES;
				CLANG_WARN_INT_CONVERSION = YES;
				CLANG_WARN_OBJC_ROOT_CLASS = YES_ERROR;
				CLANG_WARN_UNREACHABLE_CODE = YES;
				CLANG_WARN__DUPLICATE_METHOD_MATCH = YES;
				"CODE_SIGN_IDENTITY[sdk=iphoneos*]" = "iPhone Developer";
				COPY_PHASE_STRIP = NO;
				DEBUG_INFORMATION_FORMAT = "dwarf-with-dsym";
				ENABLE_NS_ASSERTIONS = NO;
				ENABLE_STRICT_OBJC_MSGSEND = YES;
				GCC_C_LANGUAGE_STANDARD = gnu99;
				GCC_NO_COMMON_BLOCKS = YES;
				GCC_WARN_64_TO_32_BIT_CONVERSION = YES;
				GCC_WARN_ABOUT_RETURN_TYPE = YES_ERROR;
				GCC_WARN_UNDECLARED_SELECTOR = YES;
				GCC_WARN_UNINITIALIZED_AUTOS = YES_AGGRESSIVE;
				GCC_WARN_UNUSED_FUNCTION = YES;
				GCC_WARN_UNUSED_VARIABLE = YES;
				IPHONEOS_DEPLOYMENT_TARGET = 9.2;
				MTL_ENABLE_DEBUG_INFO = NO;
				SDKROOT = iphoneos;
				VALIDATE_PRODUCT = YES;
			};
			name = Release;
		};
		19D5947D1C33207100526883 /* Debug */ = {
			isa = XCBuildConfiguration;
			buildSettings = {
				ASSETCATALOG_COMPILER_APPICON_NAME = AppIcon;
				ASSETCATALOG_COMPILER_LAUNCHIMAGE_NAME = "Brand Assets";
				CODE_SIGN_IDENTITY = "iPhone Developer";
				"CODE_SIGN_IDENTITY[sdk=iphoneos*]" = "iPhone Developer";
				INFOPLIST_FILE = Tippie/Info.plist;
				IPHONEOS_DEPLOYMENT_TARGET = 7.0;
				LD_RUNPATH_SEARCH_PATHS = "$(inherited) @executable_path/Frameworks";
				PRODUCT_BUNDLE_IDENTIFIER = com.codepath.Tippie;
				PRODUCT_NAME = UTip;
				PROVISIONING_PROFILE = "";
			};
			name = Debug;
		};
		19D5947E1C33207100526883 /* Release */ = {
			isa = XCBuildConfiguration;
			buildSettings = {
				ASSETCATALOG_COMPILER_APPICON_NAME = AppIcon;
				ASSETCATALOG_COMPILER_LAUNCHIMAGE_NAME = "Brand Assets";
				CODE_SIGN_IDENTITY = "iPhone Developer";
				"CODE_SIGN_IDENTITY[sdk=iphoneos*]" = "iPhone Developer";
				INFOPLIST_FILE = Tippie/Info.plist;
				IPHONEOS_DEPLOYMENT_TARGET = 7.0;
				LD_RUNPATH_SEARCH_PATHS = "$(inherited) @executable_path/Frameworks";
				PRODUCT_BUNDLE_IDENTIFIER = com.codepath.Tippie;
				PRODUCT_NAME = UTip;
				PROVISIONING_PROFILE = "";
			};
			name = Release;
		};
		19D594801C33207100526883 /* Debug */ = {
			isa = XCBuildConfiguration;
			buildSettings = {
				BUNDLE_LOADER = "$(TEST_HOST)";
				INFOPLIST_FILE = TippieTests/Info.plist;
				LD_RUNPATH_SEARCH_PATHS = "$(inherited) @executable_path/Frameworks @loader_path/Frameworks";
				PRODUCT_BUNDLE_IDENTIFIER = com.codepath.TippieTests;
				PRODUCT_NAME = UTip;
				TEST_HOST = "$(BUILT_PRODUCTS_DIR)/UTip.app/UTip";
			};
			name = Debug;
		};
		19D594811C33207100526883 /* Release */ = {
			isa = XCBuildConfiguration;
			buildSettings = {
				BUNDLE_LOADER = "$(TEST_HOST)";
				INFOPLIST_FILE = TippieTests/Info.plist;
				LD_RUNPATH_SEARCH_PATHS = "$(inherited) @executable_path/Frameworks @loader_path/Frameworks";
				PRODUCT_BUNDLE_IDENTIFIER = com.codepath.TippieTests;
				PRODUCT_NAME = UTip;
				TEST_HOST = "$(BUILT_PRODUCTS_DIR)/UTip.app/UTip";
			};
			name = Release;
		};
		19D594831C33207100526883 /* Debug */ = {
			isa = XCBuildConfiguration;
			buildSettings = {
				INFOPLIST_FILE = TippieUITests/Info.plist;
				LD_RUNPATH_SEARCH_PATHS = "$(inherited) @executable_path/Frameworks @loader_path/Frameworks";
				PRODUCT_BUNDLE_IDENTIFIER = com.codepath.TippieUITests;
				PRODUCT_NAME = UTip;
				TEST_TARGET_NAME = Tippie;
				USES_XCTRUNNER = YES;
			};
			name = Debug;
		};
		19D594841C33207100526883 /* Release */ = {
			isa = XCBuildConfiguration;
			buildSettings = {
				INFOPLIST_FILE = TippieUITests/Info.plist;
				LD_RUNPATH_SEARCH_PATHS = "$(inherited) @executable_path/Frameworks @loader_path/Frameworks";
				PRODUCT_BUNDLE_IDENTIFIER = com.codepath.TippieUITests;
				PRODUCT_NAME = UTip;
				TEST_TARGET_NAME = Tippie;
				USES_XCTRUNNER = YES;
			};
			name = Release;
		};
/* End XCBuildConfiguration section */

/* Begin XCConfigurationList section */
		19D5944F1C33207000526883 /* Build configuration list for PBXProject "UTip" */ = {
			isa = XCConfigurationList;
			buildConfigurations = (
				19D5947A1C33207100526883 /* Debug */,
				19D5947B1C33207100526883 /* Release */,
			);
			defaultConfigurationIsVisible = 0;
			defaultConfigurationName = Release;
		};
		19D5947C1C33207100526883 /* Build configuration list for PBXNativeTarget "UTip" */ = {
			isa = XCConfigurationList;
			buildConfigurations = (
				19D5947D1C33207100526883 /* Debug */,
				19D5947E1C33207100526883 /* Release */,
			);
			defaultConfigurationIsVisible = 0;
			defaultConfigurationName = Release;
		};
		19D5947F1C33207100526883 /* Build configuration list for PBXNativeTarget "UTipTests" */ = {
			isa = XCConfigurationList;
			buildConfigurations = (
				19D594801C33207100526883 /* Debug */,
				19D594811C33207100526883 /* Release */,
			);
			defaultConfigurationIsVisible = 0;
			defaultConfigurationName = Release;
		};
		19D594821C33207100526883 /* Build configuration list for PBXNativeTarget "UTipUITests" */ = {
			isa = XCConfigurationList;
			buildConfigurations = (
				19D594831C33207100526883 /* Debug */,
				19D594841C33207100526883 /* Release */,
			);
			defaultConfigurationIsVisible = 0;
			defaultConfigurationName = Release;
		};
/* End XCConfigurationList section */
	};
	rootObject = 19D5944C1C33207000526883 /* Project object */;
}
